// !$*UTF8*$!
{
	archiveVersion = 1;
	classes = {
	};
	objectVersion = 45;
	objects = {

/* Begin PBXBuildFile section */
		1D3623260D0F684500981E51 /* BubblesAppDelegate.m in Sources */ = {isa = PBXBuildFile; fileRef = 1D3623250D0F684500981E51 /* BubblesAppDelegate.m */; };
		1D60589B0D05DD56006BFB54 /* main.m in Sources */ = {isa = PBXBuildFile; fileRef = 29B97316FDCFA39411CA2CEA /* main.m */; };
		1D60589F0D05DD5A006BFB54 /* Foundation.framework in Frameworks */ = {isa = PBXBuildFile; fileRef = 1D30AB110D05D00D00671497 /* Foundation.framework */; };
		1DF5F4E00D08C38300B7A737 /* UIKit.framework in Frameworks */ = {isa = PBXBuildFile; fileRef = 1DF5F4DF0D08C38300B7A737 /* UIKit.framework */; };
		288765A50DF7441C002DB57D /* CoreGraphics.framework in Frameworks */ = {isa = PBXBuildFile; fileRef = 288765A40DF7441C002DB57D /* CoreGraphics.framework */; };
		2899E5220DE3E06400AC0155 /* BubblesViewController.xib in Resources */ = {isa = PBXBuildFile; fileRef = 2899E5210DE3E06400AC0155 /* BubblesViewController.xib */; };
		28AD733F0D9D9553002E5188 /* MainWindow.xib in Resources */ = {isa = PBXBuildFile; fileRef = 28AD733E0D9D9553002E5188 /* MainWindow.xib */; };
		28D7ACF80DDB3853001CB0EB /* BubblesViewController.m in Sources */ = {isa = PBXBuildFile; fileRef = 28D7ACF70DDB3853001CB0EB /* BubblesViewController.m */; };
		9A183D0711D7E68F006C3898 /* green.png in Resources */ = {isa = PBXBuildFile; fileRef = 9A183D0611D7E68F006C3898 /* green.png */; };
		9A183D0911D7E69A006C3898 /* grey.png in Resources */ = {isa = PBXBuildFile; fileRef = 9A183D0811D7E69A006C3898 /* grey.png */; };
		9A183D5011D7EFD1006C3898 /* yellow.png in Resources */ = {isa = PBXBuildFile; fileRef = 9A183D4F11D7EFD1006C3898 /* yellow.png */; };
		9A183D5211D7EFDD006C3898 /* aqua.png in Resources */ = {isa = PBXBuildFile; fileRef = 9A183D5111D7EFDD006C3898 /* aqua.png */; };
		9AF39CC511E4F79D00148C2D /* grey_2.png in Resources */ = {isa = PBXBuildFile; fileRef = 9AF39CC411E4F79D00148C2D /* grey_2.png */; };
		9AF39D0411E4FD0600148C2D /* friends.png in Resources */ = {isa = PBXBuildFile; fileRef = 9AF39CD811E4FD0600148C2D /* friends.png */; };
		9AF39D0511E4FD0600148C2D /* replies.png in Resources */ = {isa = PBXBuildFile; fileRef = 9AF39CD911E4FD0600148C2D /* replies.png */; };
		9AF39D0611E4FD0600148C2D /* messages.png in Resources */ = {isa = PBXBuildFile; fileRef = 9AF39CDA11E4FD0600148C2D /* messages.png */; };
		9AF39D0711E4FD0600148C2D /* profileImage.png in Resources */ = {isa = PBXBuildFile; fileRef = 9AF39CDC11E4FD0600148C2D /* profileImage.png */; };
		9AF39D0811E4FD0600148C2D /* profileImageSmall.png in Resources */ = {isa = PBXBuildFile; fileRef = 9AF39CDD11E4FD0600148C2D /* profileImageSmall.png */; };
		9AF39D0911E4FD0600148C2D /* favorite.png in Resources */ = {isa = PBXBuildFile; fileRef = 9AF39CDF11E4FD0600148C2D /* favorite.png */; };
		9AF39D0A11E4FD0600148C2D /* favorited.png in Resources */ = {isa = PBXBuildFile; fileRef = 9AF39CE011E4FD0600148C2D /* favorited.png */; };
		9AF39D0B11E4FD0600148C2D /* usercell_background.png in Resources */ = {isa = PBXBuildFile; fileRef = 9AF39CE111E4FD0600148C2D /* usercell_background.png */; };
		9AF39D0C11E4FD0600148C2D /* lock.png in Resources */ = {isa = PBXBuildFile; fileRef = 9AF39CE211E4FD0600148C2D /* lock.png */; };
		9AF39D0D11E4FD0600148C2D /* deleteButton_pressed.png in Resources */ = {isa = PBXBuildFile; fileRef = 9AF39CE311E4FD0600148C2D /* deleteButton_pressed.png */; };
		9AF39D0E11E4FD0600148C2D /* deleteButton.png in Resources */ = {isa = PBXBuildFile; fileRef = 9AF39CE411E4FD0600148C2D /* deleteButton.png */; };
		9AF39D0F11E4FD0600148C2D /* distancePickerButton.png in Resources */ = {isa = PBXBuildFile; fileRef = 9AF39CE611E4FD0600148C2D /* distancePickerButton.png */; };
		9AF39D1011E4FD0600148C2D /* distancePickerButtonPressed.png in Resources */ = {isa = PBXBuildFile; fileRef = 9AF39CE711E4FD0600148C2D /* distancePickerButtonPressed.png */; };
		9AF39D1111E4FD0600148C2D /* search_shadow.png in Resources */ = {isa = PBXBuildFile; fileRef = 9AF39CE811E4FD0600148C2D /* search_shadow.png */; };
		9AF39D1211E4FD0600148C2D /* trends.png in Resources */ = {isa = PBXBuildFile; fileRef = 9AF39CE911E4FD0600148C2D /* trends.png */; };
		9AF39D1311E4FD0600148C2D /* camera.png in Resources */ = {isa = PBXBuildFile; fileRef = 9AF39CEB11E4FD0600148C2D /* camera.png */; };
		9AF39D1411E4FD0600148C2D /* friends_small.png in Resources */ = {isa = PBXBuildFile; fileRef = 9AF39CEC11E4FD0600148C2D /* friends_small.png */; };
		9AF39D1511E4FD0600148C2D /* location.png in Resources */ = {isa = PBXBuildFile; fileRef = 9AF39CED11E4FD0600148C2D /* location.png */; };
		9AF39D1611E4FD0600148C2D /* forward.png in Resources */ = {isa = PBXBuildFile; fileRef = 9AF39CEF11E4FD0600148C2D /* forward.png */; };
		9AF39D1711E4FD0600148C2D /* back.png in Resources */ = {isa = PBXBuildFile; fileRef = 9AF39CF011E4FD0600148C2D /* back.png */; };
		9AF39D1811E4FD0600148C2D /* Balloon_1.png in Resources */ = {isa = PBXBuildFile; fileRef = 9AF39CF211E4FD0600148C2D /* Balloon_1.png */; };
		9AF39D1911E4FD0600148C2D /* Balloon_2.png in Resources */ = {isa = PBXBuildFile; fileRef = 9AF39CF311E4FD0600148C2D /* Balloon_2.png */; };
		9AF39D1A11E4FD0600148C2D /* EarlierButton.png in Resources */ = {isa = PBXBuildFile; fileRef = 9AF39CF411E4FD0600148C2D /* EarlierButton.png */; };
		9AF39D1B11E4FD0600148C2D /* EalierButtonPressed.png in Resources */ = {isa = PBXBuildFile; fileRef = 9AF39CF511E4FD0600148C2D /* EalierButtonPressed.png */; };
		9AF39D1C11E4FD0600148C2D /* SearchBarLeftButtonPressed.png in Resources */ = {isa = PBXBuildFile; fileRef = 9AF39CF711E4FD0600148C2D /* SearchBarLeftButtonPressed.png */; };
		9AF39D1D11E4FD0600148C2D /* SearchBarLeftEdgePressed.png in Resources */ = {isa = PBXBuildFile; fileRef = 9AF39CF811E4FD0600148C2D /* SearchBarLeftEdgePressed.png */; };
		9AF39D1E11E4FD0600148C2D /* SearchBarLeftPressed.png in Resources */ = {isa = PBXBuildFile; fileRef = 9AF39CF911E4FD0600148C2D /* SearchBarLeftPressed.png */; };
		9AF39D1F11E4FD0600148C2D /* Bookmarks.png in Resources */ = {isa = PBXBuildFile; fileRef = 9AF39CFA11E4FD0600148C2D /* Bookmarks.png */; };
		9AF39D2011E4FD0600148C2D /* BookmarksPressed.png in Resources */ = {isa = PBXBuildFile; fileRef = 9AF39CFB11E4FD0600148C2D /* BookmarksPressed.png */; };
		9AF39D2111E4FD0600148C2D /* location_small.png in Resources */ = {isa = PBXBuildFile; fileRef = 9AF39CFC11E4FD0600148C2D /* location_small.png */; };
		9AF39D2211E4FD0600148C2D /* SearchBarBody.png in Resources */ = {isa = PBXBuildFile; fileRef = 9AF39CFD11E4FD0600148C2D /* SearchBarBody.png */; };
		9AF39D2311E4FD0600148C2D /* SearchBarLeft.png in Resources */ = {isa = PBXBuildFile; fileRef = 9AF39CFE11E4FD0600148C2D /* SearchBarLeft.png */; };
		9AF39D2411E4FD0600148C2D /* SearchBarLeftButton.png in Resources */ = {isa = PBXBuildFile; fileRef = 9AF39CFF11E4FD0600148C2D /* SearchBarLeftButton.png */; };
		9AF39D2511E4FD0600148C2D /* SearchBarLeftEdge.png in Resources */ = {isa = PBXBuildFile; fileRef = 9AF39D0011E4FD0600148C2D /* SearchBarLeftEdge.png */; };
		9AF39D2611E4FD0600148C2D /* SearchBarRight.png in Resources */ = {isa = PBXBuildFile; fileRef = 9AF39D0111E4FD0600148C2D /* SearchBarRight.png */; };
		9AF39D2711E4FD0600148C2D /* Icon.png in Resources */ = {isa = PBXBuildFile; fileRef = 9AF39D0211E4FD0600148C2D /* Icon.png */; };
		9AF39D2811E4FD0600148C2D /* Default.png in Resources */ = {isa = PBXBuildFile; fileRef = 9AF39D0311E4FD0600148C2D /* Default.png */; };
		9AF39E2E11E53F4800148C2D /* Message.m in Sources */ = {isa = PBXBuildFile; fileRef = 9AF39E2D11E53F4800148C2D /* Message.m */; };
		C90353FD11EE9DB600595857 /* ProfileViewController.m in Sources */ = {isa = PBXBuildFile; fileRef = C90353FC11EE9DB600595857 /* ProfileViewController.m */; };
		C98659BE11ED71CE001763F2 /* ColorUtils.m in Sources */ = {isa = PBXBuildFile; fileRef = C98659BD11ED71CE001763F2 /* ColorUtils.m */; };
/* End PBXBuildFile section */

/* Begin PBXFileReference section */
		1D30AB110D05D00D00671497 /* Foundation.framework */ = {isa = PBXFileReference; lastKnownFileType = wrapper.framework; name = Foundation.framework; path = System/Library/Frameworks/Foundation.framework; sourceTree = SDKROOT; };
		1D3623240D0F684500981E51 /* BubblesAppDelegate.h */ = {isa = PBXFileReference; fileEncoding = 4; lastKnownFileType = sourcecode.c.h; path = BubblesAppDelegate.h; sourceTree = "<group>"; };
		1D3623250D0F684500981E51 /* BubblesAppDelegate.m */ = {isa = PBXFileReference; fileEncoding = 4; lastKnownFileType = sourcecode.c.objc; path = BubblesAppDelegate.m; sourceTree = "<group>"; };
		1D6058910D05DD3D006BFB54 /* Bubbles.app */ = {isa = PBXFileReference; explicitFileType = wrapper.application; includeInIndex = 0; path = Bubbles.app; sourceTree = BUILT_PRODUCTS_DIR; };
		1DF5F4DF0D08C38300B7A737 /* UIKit.framework */ = {isa = PBXFileReference; lastKnownFileType = wrapper.framework; name = UIKit.framework; path = System/Library/Frameworks/UIKit.framework; sourceTree = SDKROOT; };
		288765A40DF7441C002DB57D /* CoreGraphics.framework */ = {isa = PBXFileReference; lastKnownFileType = wrapper.framework; name = CoreGraphics.framework; path = System/Library/Frameworks/CoreGraphics.framework; sourceTree = SDKROOT; };
		2899E5210DE3E06400AC0155 /* BubblesViewController.xib */ = {isa = PBXFileReference; lastKnownFileType = file.xib; path = BubblesViewController.xib; sourceTree = "<group>"; };
		28AD733E0D9D9553002E5188 /* MainWindow.xib */ = {isa = PBXFileReference; lastKnownFileType = file.xib; path = MainWindow.xib; sourceTree = "<group>"; };
		28D7ACF60DDB3853001CB0EB /* BubblesViewController.h */ = {isa = PBXFileReference; fileEncoding = 4; lastKnownFileType = sourcecode.c.h; path = BubblesViewController.h; sourceTree = "<group>"; };
		28D7ACF70DDB3853001CB0EB /* BubblesViewController.m */ = {isa = PBXFileReference; fileEncoding = 4; lastKnownFileType = sourcecode.c.objc; path = BubblesViewController.m; sourceTree = "<group>"; };
		29B97316FDCFA39411CA2CEA /* main.m */ = {isa = PBXFileReference; fileEncoding = 4; lastKnownFileType = sourcecode.c.objc; path = main.m; sourceTree = "<group>"; };
		32CA4F630368D1EE00C91783 /* Bubbles_Prefix.pch */ = {isa = PBXFileReference; fileEncoding = 4; lastKnownFileType = sourcecode.c.h; path = Bubbles_Prefix.pch; sourceTree = "<group>"; };
		8D1107310486CEB800E47090 /* Bubbles-Info.plist */ = {isa = PBXFileReference; fileEncoding = 4; lastKnownFileType = text.plist.xml; path = "Bubbles-Info.plist"; plistStructureDefinitionIdentifier = "com.apple.xcode.plist.structure-definition.iphone.info-plist"; sourceTree = "<group>"; };
		9A183D0611D7E68F006C3898 /* green.png */ = {isa = PBXFileReference; lastKnownFileType = image.png; path = green.png; sourceTree = "<group>"; };
		9A183D0811D7E69A006C3898 /* grey.png */ = {isa = PBXFileReference; lastKnownFileType = image.png; path = grey.png; sourceTree = "<group>"; };
		9A183D4F11D7EFD1006C3898 /* yellow.png */ = {isa = PBXFileReference; lastKnownFileType = image.png; path = yellow.png; sourceTree = "<group>"; };
		9A183D5111D7EFDD006C3898 /* aqua.png */ = {isa = PBXFileReference; lastKnownFileType = image.png; path = aqua.png; sourceTree = "<group>"; };
		9AF39CC411E4F79D00148C2D /* grey_2.png */ = {isa = PBXFileReference; lastKnownFileType = image.png; path = grey_2.png; sourceTree = "<group>"; };
		9AF39CD811E4FD0600148C2D /* friends.png */ = {isa = PBXFileReference; lastKnownFileType = image.png; name = friends.png; path = Images/friends.png; sourceTree = SOURCE_ROOT; };
		9AF39CD911E4FD0600148C2D /* replies.png */ = {isa = PBXFileReference; lastKnownFileType = image.png; name = replies.png; path = Images/replies.png; sourceTree = SOURCE_ROOT; };
		9AF39CDA11E4FD0600148C2D /* messages.png */ = {isa = PBXFileReference; lastKnownFileType = image.png; name = messages.png; path = Images/messages.png; sourceTree = SOURCE_ROOT; };
		9AF39CDC11E4FD0600148C2D /* profileImage.png */ = {isa = PBXFileReference; lastKnownFileType = image.png; name = profileImage.png; path = Images/profileImage.png; sourceTree = SOURCE_ROOT; };
		9AF39CDD11E4FD0600148C2D /* profileImageSmall.png */ = {isa = PBXFileReference; lastKnownFileType = image.png; name = profileImageSmall.png; path = Images/profileImageSmall.png; sourceTree = SOURCE_ROOT; };
		9AF39CDF11E4FD0600148C2D /* favorite.png */ = {isa = PBXFileReference; lastKnownFileType = image.png; name = favorite.png; path = Images/favorite.png; sourceTree = SOURCE_ROOT; };
		9AF39CE011E4FD0600148C2D /* favorited.png */ = {isa = PBXFileReference; lastKnownFileType = image.png; name = favorited.png; path = Images/favorited.png; sourceTree = SOURCE_ROOT; };
		9AF39CE111E4FD0600148C2D /* usercell_background.png */ = {isa = PBXFileReference; lastKnownFileType = image.png; name = usercell_background.png; path = Images/usercell_background.png; sourceTree = SOURCE_ROOT; };
		9AF39CE211E4FD0600148C2D /* lock.png */ = {isa = PBXFileReference; lastKnownFileType = image.png; name = lock.png; path = Images/lock.png; sourceTree = SOURCE_ROOT; };
		9AF39CE311E4FD0600148C2D /* deleteButton_pressed.png */ = {isa = PBXFileReference; lastKnownFileType = image.png; name = deleteButton_pressed.png; path = Images/deleteButton_pressed.png; sourceTree = SOURCE_ROOT; };
		9AF39CE411E4FD0600148C2D /* deleteButton.png */ = {isa = PBXFileReference; lastKnownFileType = image.png; name = deleteButton.png; path = Images/deleteButton.png; sourceTree = SOURCE_ROOT; };
		9AF39CE611E4FD0600148C2D /* distancePickerButton.png */ = {isa = PBXFileReference; lastKnownFileType = image.png; name = distancePickerButton.png; path = Images/distancePickerButton.png; sourceTree = SOURCE_ROOT; };
		9AF39CE711E4FD0600148C2D /* distancePickerButtonPressed.png */ = {isa = PBXFileReference; lastKnownFileType = image.png; name = distancePickerButtonPressed.png; path = Images/distancePickerButtonPressed.png; sourceTree = SOURCE_ROOT; };
		9AF39CE811E4FD0600148C2D /* search_shadow.png */ = {isa = PBXFileReference; lastKnownFileType = image.png; name = search_shadow.png; path = Images/search_shadow.png; sourceTree = SOURCE_ROOT; };
		9AF39CE911E4FD0600148C2D /* trends.png */ = {isa = PBXFileReference; lastKnownFileType = image.png; name = trends.png; path = Images/trends.png; sourceTree = SOURCE_ROOT; };
		9AF39CEB11E4FD0600148C2D /* camera.png */ = {isa = PBXFileReference; lastKnownFileType = image.png; name = camera.png; path = Images/camera.png; sourceTree = SOURCE_ROOT; };
		9AF39CEC11E4FD0600148C2D /* friends_small.png */ = {isa = PBXFileReference; lastKnownFileType = image.png; name = friends_small.png; path = Images/friends_small.png; sourceTree = SOURCE_ROOT; };
		9AF39CED11E4FD0600148C2D /* location.png */ = {isa = PBXFileReference; lastKnownFileType = image.png; name = location.png; path = Images/location.png; sourceTree = SOURCE_ROOT; };
		9AF39CEF11E4FD0600148C2D /* forward.png */ = {isa = PBXFileReference; lastKnownFileType = image.png; name = forward.png; path = Images/forward.png; sourceTree = SOURCE_ROOT; };
		9AF39CF011E4FD0600148C2D /* back.png */ = {isa = PBXFileReference; lastKnownFileType = image.png; name = back.png; path = Images/back.png; sourceTree = SOURCE_ROOT; };
		9AF39CF211E4FD0600148C2D /* Balloon_1.png */ = {isa = PBXFileReference; lastKnownFileType = image.png; name = Balloon_1.png; path = Images/Balloon_1.png; sourceTree = SOURCE_ROOT; };
		9AF39CF311E4FD0600148C2D /* Balloon_2.png */ = {isa = PBXFileReference; lastKnownFileType = image.png; name = Balloon_2.png; path = Images/Balloon_2.png; sourceTree = SOURCE_ROOT; };
		9AF39CF411E4FD0600148C2D /* EarlierButton.png */ = {isa = PBXFileReference; lastKnownFileType = image.png; name = EarlierButton.png; path = Images/EarlierButton.png; sourceTree = SOURCE_ROOT; };
		9AF39CF511E4FD0600148C2D /* EalierButtonPressed.png */ = {isa = PBXFileReference; lastKnownFileType = image.png; name = EalierButtonPressed.png; path = Images/EalierButtonPressed.png; sourceTree = SOURCE_ROOT; };
		9AF39CF711E4FD0600148C2D /* SearchBarLeftButtonPressed.png */ = {isa = PBXFileReference; lastKnownFileType = image.png; name = SearchBarLeftButtonPressed.png; path = Images/SearchBarLeftButtonPressed.png; sourceTree = SOURCE_ROOT; };
		9AF39CF811E4FD0600148C2D /* SearchBarLeftEdgePressed.png */ = {isa = PBXFileReference; lastKnownFileType = image.png; name = SearchBarLeftEdgePressed.png; path = Images/SearchBarLeftEdgePressed.png; sourceTree = SOURCE_ROOT; };
		9AF39CF911E4FD0600148C2D /* SearchBarLeftPressed.png */ = {isa = PBXFileReference; lastKnownFileType = image.png; name = SearchBarLeftPressed.png; path = Images/SearchBarLeftPressed.png; sourceTree = SOURCE_ROOT; };
		9AF39CFA11E4FD0600148C2D /* Bookmarks.png */ = {isa = PBXFileReference; lastKnownFileType = image.png; name = Bookmarks.png; path = Images/Bookmarks.png; sourceTree = SOURCE_ROOT; };
		9AF39CFB11E4FD0600148C2D /* BookmarksPressed.png */ = {isa = PBXFileReference; lastKnownFileType = image.png; name = BookmarksPressed.png; path = Images/BookmarksPressed.png; sourceTree = SOURCE_ROOT; };
		9AF39CFC11E4FD0600148C2D /* location_small.png */ = {isa = PBXFileReference; lastKnownFileType = image.png; name = location_small.png; path = Images/location_small.png; sourceTree = SOURCE_ROOT; };
		9AF39CFD11E4FD0600148C2D /* SearchBarBody.png */ = {isa = PBXFileReference; lastKnownFileType = image.png; name = SearchBarBody.png; path = Images/SearchBarBody.png; sourceTree = SOURCE_ROOT; };
		9AF39CFE11E4FD0600148C2D /* SearchBarLeft.png */ = {isa = PBXFileReference; lastKnownFileType = image.png; name = SearchBarLeft.png; path = Images/SearchBarLeft.png; sourceTree = SOURCE_ROOT; };
		9AF39CFF11E4FD0600148C2D /* SearchBarLeftButton.png */ = {isa = PBXFileReference; lastKnownFileType = image.png; name = SearchBarLeftButton.png; path = Images/SearchBarLeftButton.png; sourceTree = SOURCE_ROOT; };
		9AF39D0011E4FD0600148C2D /* SearchBarLeftEdge.png */ = {isa = PBXFileReference; lastKnownFileType = image.png; name = SearchBarLeftEdge.png; path = Images/SearchBarLeftEdge.png; sourceTree = SOURCE_ROOT; };
		9AF39D0111E4FD0600148C2D /* SearchBarRight.png */ = {isa = PBXFileReference; lastKnownFileType = image.png; name = SearchBarRight.png; path = Images/SearchBarRight.png; sourceTree = SOURCE_ROOT; };
		9AF39D0211E4FD0600148C2D /* Icon.png */ = {isa = PBXFileReference; lastKnownFileType = image.png; name = Icon.png; path = Images/Icon.png; sourceTree = SOURCE_ROOT; };
		9AF39D0311E4FD0600148C2D /* Default.png */ = {isa = PBXFileReference; lastKnownFileType = image.png; name = Default.png; path = Images/Default.png; sourceTree = SOURCE_ROOT; };
		9AF39E2C11E53F4800148C2D /* Message.h */ = {isa = PBXFileReference; fileEncoding = 4; lastKnownFileType = sourcecode.c.h; path = Message.h; sourceTree = "<group>"; };
		9AF39E2D11E53F4800148C2D /* Message.m */ = {isa = PBXFileReference; fileEncoding = 4; lastKnownFileType = sourcecode.c.objc; path = Message.m; sourceTree = "<group>"; };
		C90353FB11EE9DB600595857 /* ProfileViewController.h */ = {isa = PBXFileReference; fileEncoding = 4; lastKnownFileType = sourcecode.c.h; path = ProfileViewController.h; sourceTree = "<group>"; };
		C90353FC11EE9DB600595857 /* ProfileViewController.m */ = {isa = PBXFileReference; fileEncoding = 4; lastKnownFileType = sourcecode.c.objc; path = ProfileViewController.m; sourceTree = "<group>"; };
		C98659BC11ED71CE001763F2 /* ColorUtils.h */ = {isa = PBXFileReference; fileEncoding = 4; lastKnownFileType = sourcecode.c.h; path = ColorUtils.h; sourceTree = "<group>"; };
		C98659BD11ED71CE001763F2 /* ColorUtils.m */ = {isa = PBXFileReference; fileEncoding = 4; lastKnownFileType = sourcecode.c.objc; path = ColorUtils.m; sourceTree = "<group>"; };
/* End PBXFileReference section */

/* Begin PBXFrameworksBuildPhase section */
		1D60588F0D05DD3D006BFB54 /* Frameworks */ = {
			isa = PBXFrameworksBuildPhase;
			buildActionMask = 2147483647;
			files = (
				1D60589F0D05DD5A006BFB54 /* Foundation.framework in Frameworks */,
				1DF5F4E00D08C38300B7A737 /* UIKit.framework in Frameworks */,
				288765A50DF7441C002DB57D /* CoreGraphics.framework in Frameworks */,
			);
			runOnlyForDeploymentPostprocessing = 0;
		};
/* End PBXFrameworksBuildPhase section */

/* Begin PBXGroup section */
		080E96DDFE201D6D7F000001 /* Classes */ = {
			isa = PBXGroup;
			children = (
				C90353FB11EE9DB600595857 /* ProfileViewController.h */,
				C90353FC11EE9DB600595857 /* ProfileViewController.m */,
				1D3623240D0F684500981E51 /* BubblesAppDelegate.h */,
				1D3623250D0F684500981E51 /* BubblesAppDelegate.m */,
				28D7ACF60DDB3853001CB0EB /* BubblesViewController.h */,
				28D7ACF70DDB3853001CB0EB /* BubblesViewController.m */,
				C98659BC11ED71CE001763F2 /* ColorUtils.h */,
				C98659BD11ED71CE001763F2 /* ColorUtils.m */,
				9AF39E2C11E53F4800148C2D /* Message.h */,
				9AF39E2D11E53F4800148C2D /* Message.m */,
			);
			path = Classes;
			sourceTree = "<group>";
		};
		19C28FACFE9D520D11CA2CBB /* Products */ = {
			isa = PBXGroup;
			children = (
				1D6058910D05DD3D006BFB54 /* Bubbles.app */,
			);
			name = Products;
			sourceTree = "<group>";
		};
		29B97314FDCFA39411CA2CEA /* CustomTemplate */ = {
			isa = PBXGroup;
			children = (
				080E96DDFE201D6D7F000001 /* Classes */,
				29B97315FDCFA39411CA2CEA /* Other Sources */,
				29B97317FDCFA39411CA2CEA /* Resources */,
				29B97323FDCFA39411CA2CEA /* Frameworks */,
				19C28FACFE9D520D11CA2CBB /* Products */,
			);
			name = CustomTemplate;
			sourceTree = "<group>";
		};
		29B97315FDCFA39411CA2CEA /* Other Sources */ = {
			isa = PBXGroup;
			children = (
				32CA4F630368D1EE00C91783 /* Bubbles_Prefix.pch */,
				29B97316FDCFA39411CA2CEA /* main.m */,
			);
			name = "Other Sources";
			sourceTree = "<group>";
		};
		29B97317FDCFA39411CA2CEA /* Resources */ = {
			isa = PBXGroup;
			children = (
				9AF39CD611E4FD0600148C2D /* Images */,
				9AF39CC411E4F79D00148C2D /* grey_2.png */,
				9A183D5111D7EFDD006C3898 /* aqua.png */,
				9A183D4F11D7EFD1006C3898 /* yellow.png */,
				9A183D0811D7E69A006C3898 /* grey.png */,
				9A183D0611D7E68F006C3898 /* green.png */,
				2899E5210DE3E06400AC0155 /* BubblesViewController.xib */,
				28AD733E0D9D9553002E5188 /* MainWindow.xib */,
				8D1107310486CEB800E47090 /* Bubbles-Info.plist */,
			);
			name = Resources;
			sourceTree = "<group>";
		};
		29B97323FDCFA39411CA2CEA /* Frameworks */ = {
			isa = PBXGroup;
			children = (
				1DF5F4DF0D08C38300B7A737 /* UIKit.framework */,
				1D30AB110D05D00D00671497 /* Foundation.framework */,
				288765A40DF7441C002DB57D /* CoreGraphics.framework */,
			);
			name = Frameworks;
			sourceTree = "<group>";
		};
		9AF39CD611E4FD0600148C2D /* Images */ = {
			isa = PBXGroup;
			children = (
				9AF39D0211E4FD0600148C2D /* Icon.png */,
				9AF39D0311E4FD0600148C2D /* Default.png */,
				9AF39CF611E4FD0600148C2D /* CustomSearchBar */,
				9AF39CF111E4FD0600148C2D /* Conversation */,
				9AF39CEE11E4FD0600148C2D /* WebView */,
				9AF39CEA11E4FD0600148C2D /* Post */,
				9AF39CE511E4FD0600148C2D /* Search */,
				9AF39CDE11E4FD0600148C2D /* UserView */,
				9AF39CDB11E4FD0600148C2D /* Timeline */,
				9AF39CD711E4FD0600148C2D /* TabBar */,
			);
			path = Images;
			sourceTree = SOURCE_ROOT;
		};
		9AF39CD711E4FD0600148C2D /* TabBar */ = {
			isa = PBXGroup;
			children = (
				9AF39CD811E4FD0600148C2D /* friends.png */,
				9AF39CD911E4FD0600148C2D /* replies.png */,
				9AF39CDA11E4FD0600148C2D /* messages.png */,
			);
			name = TabBar;
			path = Images;
			sourceTree = SOURCE_ROOT;
		};
		9AF39CDB11E4FD0600148C2D /* Timeline */ = {
			isa = PBXGroup;
			children = (
				9AF39CDC11E4FD0600148C2D /* profileImage.png */,
				9AF39CDD11E4FD0600148C2D /* profileImageSmall.png */,
			);
			name = Timeline;
			path = Images;
			sourceTree = SOURCE_ROOT;
		};
		9AF39CDE11E4FD0600148C2D /* UserView */ = {
			isa = PBXGroup;
			children = (
				9AF39CDF11E4FD0600148C2D /* favorite.png */,
				9AF39CE011E4FD0600148C2D /* favorited.png */,
				9AF39CE111E4FD0600148C2D /* usercell_background.png */,
				9AF39CE211E4FD0600148C2D /* lock.png */,
				9AF39CE311E4FD0600148C2D /* deleteButton_pressed.png */,
				9AF39CE411E4FD0600148C2D /* deleteButton.png */,
			);
			name = UserView;
			path = Images;
			sourceTree = SOURCE_ROOT;
		};
		9AF39CE511E4FD0600148C2D /* Search */ = {
			isa = PBXGroup;
			children = (
				9AF39CE611E4FD0600148C2D /* distancePickerButton.png */,
				9AF39CE711E4FD0600148C2D /* distancePickerButtonPressed.png */,
				9AF39CE811E4FD0600148C2D /* search_shadow.png */,
				9AF39CE911E4FD0600148C2D /* trends.png */,
			);
			name = Search;
			path = Images;
			sourceTree = SOURCE_ROOT;
		};
		9AF39CEA11E4FD0600148C2D /* Post */ = {
			isa = PBXGroup;
			children = (
				9AF39CEB11E4FD0600148C2D /* camera.png */,
				9AF39CEC11E4FD0600148C2D /* friends_small.png */,
				9AF39CED11E4FD0600148C2D /* location.png */,
			);
			name = Post;
			path = Images;
			sourceTree = SOURCE_ROOT;
		};
		9AF39CEE11E4FD0600148C2D /* WebView */ = {
			isa = PBXGroup;
			children = (
				9AF39CEF11E4FD0600148C2D /* forward.png */,
				9AF39CF011E4FD0600148C2D /* back.png */,
			);
			name = WebView;
			path = Images;
			sourceTree = SOURCE_ROOT;
		};
		9AF39CF111E4FD0600148C2D /* Conversation */ = {
			isa = PBXGroup;
			children = (
				9AF39CF211E4FD0600148C2D /* Balloon_1.png */,
				9AF39CF311E4FD0600148C2D /* Balloon_2.png */,
				9AF39CF411E4FD0600148C2D /* EarlierButton.png */,
				9AF39CF511E4FD0600148C2D /* EalierButtonPressed.png */,
			);
			name = Conversation;
			path = Images;
			sourceTree = SOURCE_ROOT;
		};
		9AF39CF611E4FD0600148C2D /* CustomSearchBar */ = {
			isa = PBXGroup;
			children = (
				9AF39CF711E4FD0600148C2D /* SearchBarLeftButtonPressed.png */,
				9AF39CF811E4FD0600148C2D /* SearchBarLeftEdgePressed.png */,
				9AF39CF911E4FD0600148C2D /* SearchBarLeftPressed.png */,
				9AF39CFA11E4FD0600148C2D /* Bookmarks.png */,
				9AF39CFB11E4FD0600148C2D /* BookmarksPressed.png */,
				9AF39CFC11E4FD0600148C2D /* location_small.png */,
				9AF39CFD11E4FD0600148C2D /* SearchBarBody.png */,
				9AF39CFE11E4FD0600148C2D /* SearchBarLeft.png */,
				9AF39CFF11E4FD0600148C2D /* SearchBarLeftButton.png */,
				9AF39D0011E4FD0600148C2D /* SearchBarLeftEdge.png */,
				9AF39D0111E4FD0600148C2D /* SearchBarRight.png */,
			);
			name = CustomSearchBar;
			path = Images;
			sourceTree = SOURCE_ROOT;
		};
/* End PBXGroup section */

/* Begin PBXNativeTarget section */
		1D6058900D05DD3D006BFB54 /* Bubbles */ = {
			isa = PBXNativeTarget;
			buildConfigurationList = 1D6058960D05DD3E006BFB54 /* Build configuration list for PBXNativeTarget "Bubbles" */;
			buildPhases = (
				1D60588D0D05DD3D006BFB54 /* Resources */,
				1D60588E0D05DD3D006BFB54 /* Sources */,
				1D60588F0D05DD3D006BFB54 /* Frameworks */,
			);
			buildRules = (
			);
			dependencies = (
			);
			name = Bubbles;
			productName = Bubbles;
			productReference = 1D6058910D05DD3D006BFB54 /* Bubbles.app */;
			productType = "com.apple.product-type.application";
		};
/* End PBXNativeTarget section */

/* Begin PBXProject section */
		29B97313FDCFA39411CA2CEA /* Project object */ = {
			isa = PBXProject;
			buildConfigurationList = C01FCF4E08A954540054247B /* Build configuration list for PBXProject "Bubbles" */;
			compatibilityVersion = "Xcode 3.1";
			hasScannedForEncodings = 1;
			mainGroup = 29B97314FDCFA39411CA2CEA /* CustomTemplate */;
			projectDirPath = "";
			projectRoot = "";
			targets = (
				1D6058900D05DD3D006BFB54 /* Bubbles */,
			);
		};
/* End PBXProject section */

/* Begin PBXResourcesBuildPhase section */
		1D60588D0D05DD3D006BFB54 /* Resources */ = {
			isa = PBXResourcesBuildPhase;
			buildActionMask = 2147483647;
			files = (
				28AD733F0D9D9553002E5188 /* MainWindow.xib in Resources */,
				2899E5220DE3E06400AC0155 /* BubblesViewController.xib in Resources */,
				9A183D0711D7E68F006C3898 /* green.png in Resources */,
				9A183D0911D7E69A006C3898 /* grey.png in Resources */,
				9A183D5011D7EFD1006C3898 /* yellow.png in Resources */,
				9A183D5211D7EFDD006C3898 /* aqua.png in Resources */,
				9AF39CC511E4F79D00148C2D /* grey_2.png in Resources */,
				9AF39D0411E4FD0600148C2D /* friends.png in Resources */,
				9AF39D0511E4FD0600148C2D /* replies.png in Resources */,
				9AF39D0611E4FD0600148C2D /* messages.png in Resources */,
				9AF39D0711E4FD0600148C2D /* profileImage.png in Resources */,
				9AF39D0811E4FD0600148C2D /* profileImageSmall.png in Resources */,
				9AF39D0911E4FD0600148C2D /* favorite.png in Resources */,
				9AF39D0A11E4FD0600148C2D /* favorited.png in Resources */,
				9AF39D0B11E4FD0600148C2D /* usercell_background.png in Resources */,
				9AF39D0C11E4FD0600148C2D /* lock.png in Resources */,
				9AF39D0D11E4FD0600148C2D /* deleteButton_pressed.png in Resources */,
				9AF39D0E11E4FD0600148C2D /* deleteButton.png in Resources */,
				9AF39D0F11E4FD0600148C2D /* distancePickerButton.png in Resources */,
				9AF39D1011E4FD0600148C2D /* distancePickerButtonPressed.png in Resources */,
				9AF39D1111E4FD0600148C2D /* search_shadow.png in Resources */,
				9AF39D1211E4FD0600148C2D /* trends.png in Resources */,
				9AF39D1311E4FD0600148C2D /* camera.png in Resources */,
				9AF39D1411E4FD0600148C2D /* friends_small.png in Resources */,
				9AF39D1511E4FD0600148C2D /* location.png in Resources */,
				9AF39D1611E4FD0600148C2D /* forward.png in Resources */,
				9AF39D1711E4FD0600148C2D /* back.png in Resources */,
				9AF39D1811E4FD0600148C2D /* Balloon_1.png in Resources */,
				9AF39D1911E4FD0600148C2D /* Balloon_2.png in Resources */,
				9AF39D1A11E4FD0600148C2D /* EarlierButton.png in Resources */,
				9AF39D1B11E4FD0600148C2D /* EalierButtonPressed.png in Resources */,
				9AF39D1C11E4FD0600148C2D /* SearchBarLeftButtonPressed.png in Resources */,
				9AF39D1D11E4FD0600148C2D /* SearchBarLeftEdgePressed.png in Resources */,
				9AF39D1E11E4FD0600148C2D /* SearchBarLeftPressed.png in Resources */,
				9AF39D1F11E4FD0600148C2D /* Bookmarks.png in Resources */,
				9AF39D2011E4FD0600148C2D /* BookmarksPressed.png in Resources */,
				9AF39D2111E4FD0600148C2D /* location_small.png in Resources */,
				9AF39D2211E4FD0600148C2D /* SearchBarBody.png in Resources */,
				9AF39D2311E4FD0600148C2D /* SearchBarLeft.png in Resources */,
				9AF39D2411E4FD0600148C2D /* SearchBarLeftButton.png in Resources */,
				9AF39D2511E4FD0600148C2D /* SearchBarLeftEdge.png in Resources */,
				9AF39D2611E4FD0600148C2D /* SearchBarRight.png in Resources */,
				9AF39D2711E4FD0600148C2D /* Icon.png in Resources */,
				9AF39D2811E4FD0600148C2D /* Default.png in Resources */,
			);
			runOnlyForDeploymentPostprocessing = 0;
		};
/* End PBXResourcesBuildPhase section */

/* Begin PBXSourcesBuildPhase section */
		1D60588E0D05DD3D006BFB54 /* Sources */ = {
			isa = PBXSourcesBuildPhase;
			buildActionMask = 2147483647;
			files = (
				1D60589B0D05DD56006BFB54 /* main.m in Sources */,
				1D3623260D0F684500981E51 /* BubblesAppDelegate.m in Sources */,
				28D7ACF80DDB3853001CB0EB /* BubblesViewController.m in Sources */,
				9AF39E2E11E53F4800148C2D /* Message.m in Sources */,
				C98659BE11ED71CE001763F2 /* ColorUtils.m in Sources */,
				C90353FD11EE9DB600595857 /* ProfileViewController.m in Sources */,
			);
			runOnlyForDeploymentPostprocessing = 0;
		};
/* End PBXSourcesBuildPhase section */

/* Begin XCBuildConfiguration section */
		1D6058940D05DD3E006BFB54 /* Debug */ = {
			isa = XCBuildConfiguration;
			buildSettings = {
				ALWAYS_SEARCH_USER_PATHS = NO;
				COPY_PHASE_STRIP = NO;
				GCC_DYNAMIC_NO_PIC = NO;
				GCC_OPTIMIZATION_LEVEL = 0;
				GCC_PRECOMPILE_PREFIX_HEADER = YES;
				GCC_PREFIX_HEADER = Bubbles_Prefix.pch;
				INFOPLIST_FILE = "Bubbles-Info.plist";
				PRODUCT_NAME = Bubbles;
			};
			name = Debug;
		};
		1D6058950D05DD3E006BFB54 /* Release */ = {
			isa = XCBuildConfiguration;
			buildSettings = {
				ALWAYS_SEARCH_USER_PATHS = NO;
				COPY_PHASE_STRIP = YES;
				GCC_PRECOMPILE_PREFIX_HEADER = YES;
				GCC_PREFIX_HEADER = Bubbles_Prefix.pch;
				INFOPLIST_FILE = "Bubbles-Info.plist";
				PRODUCT_NAME = Bubbles;
				VALIDATE_PRODUCT = YES;
			};
			name = Release;
		};
		C01FCF4F08A954540054247B /* Debug */ = {
			isa = XCBuildConfiguration;
			buildSettings = {
				ARCHS = "$(ARCHS_STANDARD_32_BIT)";
				"CODE_SIGN_IDENTITY[sdk=iphoneos*]" = "iPhone Developer";
				GCC_C_LANGUAGE_STANDARD = c99;
				GCC_WARN_ABOUT_RETURN_TYPE = YES;
				GCC_WARN_UNUSED_VARIABLE = YES;
				PREBINDING = NO;
				SDKROOT = iphonesimulator3.2;
			};
			name = Debug;
		};
		C01FCF5008A954540054247B /* Release */ = {
			isa = XCBuildConfiguration;
			buildSettings = {
				ARCHS = "$(ARCHS_STANDARD_32_BIT)";
				"CODE_SIGN_IDENTITY[sdk=iphoneos*]" = "iPhone Developer";
				GCC_C_LANGUAGE_STANDARD = c99;
				GCC_WARN_ABOUT_RETURN_TYPE = YES;
				GCC_WARN_UNUSED_VARIABLE = YES;
				OTHER_CFLAGS = "-DNS_BLOCK_ASSERTIONS=1";
				PREBINDING = NO;
				SDKROOT = iphonesimulator3.2;
			};
			name = Release;
		};
/* End XCBuildConfiguration section */

/* Begin XCConfigurationList section */
		1D6058960D05DD3E006BFB54 /* Build configuration list for PBXNativeTarget "Bubbles" */ = {
			isa = XCConfigurationList;
			buildConfigurations = (
				1D6058940D05DD3E006BFB54 /* Debug */,
				1D6058950D05DD3E006BFB54 /* Release */,
			);
			defaultConfigurationIsVisible = 0;
			defaultConfigurationName = Release;
		};
		C01FCF4E08A954540054247B /* Build configuration list for PBXProject "Bubbles" */ = {
			isa = XCConfigurationList;
			buildConfigurations = (
				C01FCF4F08A954540054247B /* Debug */,
				C01FCF5008A954540054247B /* Release */,
			);
			defaultConfigurationIsVisible = 0;
			defaultConfigurationName = Release;
		};
/* End XCConfigurationList section */
	};
	rootObject = 29B97313FDCFA39411CA2CEA /* Project object */;
}
