// !$*UTF8*$!
{
	archiveVersion = 1;
	classes = {
	};
	objectVersion = 45;
	objects = {

/* Begin PBXBuildFile section */
		1331AC1C11906025004ABBC6 /* logo_bg.png in Resources */ = {isa = PBXBuildFile; fileRef = 1331AC1B11906025004ABBC6 /* logo_bg.png */; };
		137342BE118F1D66006CCB0E /* InternetImage.m in Sources */ = {isa = PBXBuildFile; fileRef = 137342BD118F1D66006CCB0E /* InternetImage.m */; };
		1D3623260D0F684500981E51 /* LoversAppDelegate.m in Sources */ = {isa = PBXBuildFile; fileRef = 1D3623250D0F684500981E51 /* LoversAppDelegate.m */; };
		1D60589B0D05DD56006BFB54 /* main.m in Sources */ = {isa = PBXBuildFile; fileRef = 29B97316FDCFA39411CA2CEA /* main.m */; };
		1D60589F0D05DD5A006BFB54 /* Foundation.framework in Frameworks */ = {isa = PBXBuildFile; fileRef = 1D30AB110D05D00D00671497 /* Foundation.framework */; };
		1DF5F4E00D08C38300B7A737 /* UIKit.framework in Frameworks */ = {isa = PBXBuildFile; fileRef = 1DF5F4DF0D08C38300B7A737 /* UIKit.framework */; };
		288765FD0DF74451002DB57D /* CoreGraphics.framework in Frameworks */ = {isa = PBXBuildFile; fileRef = 288765FC0DF74451002DB57D /* CoreGraphics.framework */; };
		AD71627B1217415700351B3D /* red-x.png in Resources */ = {isa = PBXBuildFile; fileRef = AD7162791217415700351B3D /* red-x.png */; };
		AD71627C1217415700351B3D /* gold-star-2.jpg in Resources */ = {isa = PBXBuildFile; fileRef = AD71627A1217415700351B3D /* gold-star-2.jpg */; };
		AD7162BB1217477500351B3D /* BlockButton.png in Resources */ = {isa = PBXBuildFile; fileRef = AD7162BA1217477500351B3D /* BlockButton.png */; };
		AD8BC9FD11F3BB9400F04751 /* CustomURLConnection.m in Sources */ = {isa = PBXBuildFile; fileRef = AD8BC9FC11F3BB9400F04751 /* CustomURLConnection.m */; };
		ADA9560111F914430073D09A /* greendot.jpg in Resources */ = {isa = PBXBuildFile; fileRef = ADA9560011F914430073D09A /* greendot.jpg */; };
		ADA9564C11FA09930073D09A /* ThumbnailDownload.m in Sources */ = {isa = PBXBuildFile; fileRef = ADA9564B11FA09930073D09A /* ThumbnailDownload.m */; };
		ADB02B241204AE76006FD53D /* ChatViewController.m in Sources */ = {isa = PBXBuildFile; fileRef = ADB02B231204AE76006FD53D /* ChatViewController.m */; };
		ADB02B301204AFDB006FD53D /* BlankAvatar.png in Resources */ = {isa = PBXBuildFile; fileRef = ADB02B2B1204AFDB006FD53D /* BlankAvatar.png */; };
		ADB02B311204AFDB006FD53D /* ChatBar.png in Resources */ = {isa = PBXBuildFile; fileRef = ADB02B2C1204AFDB006FD53D /* ChatBar.png */; };
		ADB02B321204AFDB006FD53D /* SendButton.png in Resources */ = {isa = PBXBuildFile; fileRef = ADB02B2D1204AFDB006FD53D /* SendButton.png */; };
		ADB02B331204AFDB006FD53D /* ChatBubbleGreen.png in Resources */ = {isa = PBXBuildFile; fileRef = ADB02B2E1204AFDB006FD53D /* ChatBubbleGreen.png */; };
		ADB02B341204AFDB006FD53D /* ChatBubbleGray.png in Resources */ = {isa = PBXBuildFile; fileRef = ADB02B2F1204AFDB006FD53D /* ChatBubbleGray.png */; };
		ADB02B861204CA15006FD53D /* ProfileViewController.m in Sources */ = {isa = PBXBuildFile; fileRef = ADB02B851204CA15006FD53D /* ProfileViewController.m */; };
		ADB02CB4120E1FEC006FD53D /* blankprofile.jpg in Resources */ = {isa = PBXBuildFile; fileRef = ADB02CB3120E1FEC006FD53D /* blankprofile.jpg */; };
		C9119F2C12518371008A26BB /* UsersViewController.m in Sources */ = {isa = PBXBuildFile; fileRef = C9119F2B12518371008A26BB /* UsersViewController.m */; };
		C91FE7451225F6D7003C266E /* AsyncSocket.m in Sources */ = {isa = PBXBuildFile; fileRef = C91FE7441225F6D7003C266E /* AsyncSocket.m */; };
		C91FE7691225FEAC003C266E /* ZTWebSocket.m in Sources */ = {isa = PBXBuildFile; fileRef = C91FE7681225FEAC003C266E /* ZTWebSocket.m */; };
		C91FE81612274DB3003C266E /* CoreData.framework in Frameworks */ = {isa = PBXBuildFile; fileRef = C91FE81512274DB3003C266E /* CoreData.framework */; };
		C91FE8AA12289596003C266E /* Lovers.xcdatamodel in Sources */ = {isa = PBXBuildFile; fileRef = C91FE8A912289596003C266E /* Lovers.xcdatamodel */; };
		C93B6924127C9EB200CC4E85 /* Lovers.sql in Resources */ = {isa = PBXBuildFile; fileRef = C93B6923127C9EB200CC4E85 /* Lovers.sql */; };
		C93B6926127C9F4F00CC4E85 /* Lovers.sqlite in Resources */ = {isa = PBXBuildFile; fileRef = C93B6925127C9F4F00CC4E85 /* Lovers.sqlite */; };
		C93B6A48127DEE9900CC4E85 /* Profile.m in Sources */ = {isa = PBXBuildFile; fileRef = C93B6A3D127DEE9900CC4E85 /* Profile.m */; };
		C93B6A49127DEE9900CC4E85 /* Location.m in Sources */ = {isa = PBXBuildFile; fileRef = C93B6A3F127DEE9900CC4E85 /* Location.m */; };
		C93B6A4A127DEE9900CC4E85 /* Message.m in Sources */ = {isa = PBXBuildFile; fileRef = C93B6A41127DEE9900CC4E85 /* Message.m */; };
		C93B6A4B127DEE9900CC4E85 /* User.m in Sources */ = {isa = PBXBuildFile; fileRef = C93B6A43127DEE9900CC4E85 /* User.m */; };
		C93B6A4C127DEE9900CC4E85 /* Account.m in Sources */ = {isa = PBXBuildFile; fileRef = C93B6A45127DEE9900CC4E85 /* Account.m */; };
		C96BD0B4122E0485002CCDE0 /* AudioToolbox.framework in Frameworks */ = {isa = PBXBuildFile; fileRef = C96BD0B3122E0485002CCDE0 /* AudioToolbox.framework */; };
		C96BD0D4122E0A18002CCDE0 /* basicsound.wav in Resources */ = {isa = PBXBuildFile; fileRef = C96BD0D3122E0A18002CCDE0 /* basicsound.wav */; };
		C98EEDDD1288DBF000B79B79 /* Thumb.m in Sources */ = {isa = PBXBuildFile; fileRef = C98EEDDC1288DBF000B79B79 /* Thumb.m */; };
		C9D75D93124AE8790001A448 /* HTTPOperation.m in Sources */ = {isa = PBXBuildFile; fileRef = C9D75D92124AE8790001A448 /* HTTPOperation.m */; };
		C9D75DD3124B843D0001A448 /* Constants.m in Sources */ = {isa = PBXBuildFile; fileRef = C9D75DD2124B843D0001A448 /* Constants.m */; };
		C9D76021124CD99D0001A448 /* FBDialog.bundle in Resources */ = {isa = PBXBuildFile; fileRef = C9D76009124CD99D0001A448 /* FBDialog.bundle */; };
		C9D76022124CD99D0001A448 /* NSObject+SBJSON.m in Sources */ = {isa = PBXBuildFile; fileRef = C9D7600D124CD99D0001A448 /* NSObject+SBJSON.m */; };
		C9D76023124CD99D0001A448 /* NSString+SBJSON.m in Sources */ = {isa = PBXBuildFile; fileRef = C9D7600F124CD99D0001A448 /* NSString+SBJSON.m */; };
		C9D76024124CD99D0001A448 /* SBJSON.m in Sources */ = {isa = PBXBuildFile; fileRef = C9D76011124CD99D0001A448 /* SBJSON.m */; };
		C9D76025124CD99D0001A448 /* SBJsonBase.m in Sources */ = {isa = PBXBuildFile; fileRef = C9D76013124CD99D0001A448 /* SBJsonBase.m */; };
		C9D76026124CD99D0001A448 /* SBJsonParser.m in Sources */ = {isa = PBXBuildFile; fileRef = C9D76015124CD99D0001A448 /* SBJsonParser.m */; };
		C9D76027124CD99D0001A448 /* SBJsonWriter.m in Sources */ = {isa = PBXBuildFile; fileRef = C9D76017124CD99D0001A448 /* SBJsonWriter.m */; };
		C9D76028124CD99D0001A448 /* FBRequest.m in Sources */ = {isa = PBXBuildFile; fileRef = C9D7601A124CD99D0001A448 /* FBRequest.m */; };
		C9D76029124CD99D0001A448 /* Facebook.m in Sources */ = {isa = PBXBuildFile; fileRef = C9D7601B124CD99D0001A448 /* Facebook.m */; };
		C9D7602A124CD99D0001A448 /* FBLoginDialog.m in Sources */ = {isa = PBXBuildFile; fileRef = C9D7601E124CD99D0001A448 /* FBLoginDialog.m */; };
		C9D7602B124CD99D0001A448 /* FBDialog.m in Sources */ = {isa = PBXBuildFile; fileRef = C9D76020124CD99D0001A448 /* FBDialog.m */; };
		C9D76534124F02BB0001A448 /* ThumbView.m in Sources */ = {isa = PBXBuildFile; fileRef = C9D76533124F02BB0001A448 /* ThumbView.m */; };
		C9F1923E121B60E700CAB471 /* CFNetwork.framework in Frameworks */ = {isa = PBXBuildFile; fileRef = C9F1923D121B60E700CAB471 /* CFNetwork.framework */; };
		C9F19475121CCD8300CAB471 /* CoreLocation.framework in Frameworks */ = {isa = PBXBuildFile; fileRef = C9F19474121CCD8300CAB471 /* CoreLocation.framework */; };
		F56D024411886CF000F2A797 /* UsersViewControllerOld.m in Sources */ = {isa = PBXBuildFile; fileRef = F56D024311886CF000F2A797 /* UsersViewControllerOld.m */; };
		F56D02641188743D00F2A797 /* PhotoViewController.m in Sources */ = {isa = PBXBuildFile; fileRef = F56D02631188743D00F2A797 /* PhotoViewController.m */; };
		F56D02991188790900F2A797 /* lovers-text.png in Resources */ = {isa = PBXBuildFile; fileRef = F56D02981188790900F2A797 /* lovers-text.png */; };
		F56D02CC1188869B00F2A797 /* refresh.png in Resources */ = {isa = PBXBuildFile; fileRef = F56D02C51188869B00F2A797 /* refresh.png */; };
/* End PBXBuildFile section */

/* Begin PBXFileReference section */
		1331AC1B11906025004ABBC6 /* logo_bg.png */ = {isa = PBXFileReference; lastKnownFileType = image.png; path = logo_bg.png; sourceTree = "<group>"; };
		137342BC118F1D66006CCB0E /* InternetImage.h */ = {isa = PBXFileReference; fileEncoding = 4; lastKnownFileType = sourcecode.c.h; name = InternetImage.h; path = Classes/InternetImage.h; sourceTree = "<group>"; };
		137342BD118F1D66006CCB0E /* InternetImage.m */ = {isa = PBXFileReference; fileEncoding = 4; lastKnownFileType = sourcecode.c.objc; name = InternetImage.m; path = Classes/InternetImage.m; sourceTree = "<group>"; };
		1D30AB110D05D00D00671497 /* Foundation.framework */ = {isa = PBXFileReference; lastKnownFileType = wrapper.framework; name = Foundation.framework; path = System/Library/Frameworks/Foundation.framework; sourceTree = SDKROOT; };
		1D3623240D0F684500981E51 /* LoversAppDelegate.h */ = {isa = PBXFileReference; fileEncoding = 4; lastKnownFileType = sourcecode.c.h; path = LoversAppDelegate.h; sourceTree = "<group>"; };
		1D3623250D0F684500981E51 /* LoversAppDelegate.m */ = {isa = PBXFileReference; fileEncoding = 4; lastKnownFileType = sourcecode.c.objc; path = LoversAppDelegate.m; sourceTree = "<group>"; wrapsLines = 0; };
		1D6058910D05DD3D006BFB54 /* Lovers.app */ = {isa = PBXFileReference; explicitFileType = wrapper.application; includeInIndex = 0; path = Lovers.app; sourceTree = BUILT_PRODUCTS_DIR; };
		1DF5F4DF0D08C38300B7A737 /* UIKit.framework */ = {isa = PBXFileReference; lastKnownFileType = wrapper.framework; name = UIKit.framework; path = System/Library/Frameworks/UIKit.framework; sourceTree = SDKROOT; };
		288765FC0DF74451002DB57D /* CoreGraphics.framework */ = {isa = PBXFileReference; lastKnownFileType = wrapper.framework; name = CoreGraphics.framework; path = System/Library/Frameworks/CoreGraphics.framework; sourceTree = SDKROOT; };
		29B97316FDCFA39411CA2CEA /* main.m */ = {isa = PBXFileReference; fileEncoding = 4; lastKnownFileType = sourcecode.c.objc; path = main.m; sourceTree = "<group>"; };
		32CA4F630368D1EE00C91783 /* Lovers_Prefix.pch */ = {isa = PBXFileReference; fileEncoding = 4; lastKnownFileType = sourcecode.c.h; path = Lovers_Prefix.pch; sourceTree = "<group>"; };
		8D1107310486CEB800E47090 /* Lovers-Info.plist */ = {isa = PBXFileReference; fileEncoding = 4; lastKnownFileType = text.plist.xml; path = "Lovers-Info.plist"; plistStructureDefinitionIdentifier = "com.apple.xcode.plist.structure-definition.iphone.info-plist"; sourceTree = "<group>"; };
		AD7162791217415700351B3D /* red-x.png */ = {isa = PBXFileReference; lastKnownFileType = image.png; path = "red-x.png"; sourceTree = "<group>"; };
		AD71627A1217415700351B3D /* gold-star-2.jpg */ = {isa = PBXFileReference; lastKnownFileType = image.jpeg; path = "gold-star-2.jpg"; sourceTree = "<group>"; };
		AD7162BA1217477500351B3D /* BlockButton.png */ = {isa = PBXFileReference; lastKnownFileType = image.png; path = BlockButton.png; sourceTree = "<group>"; };
		AD8BC9FB11F3BB9400F04751 /* CustomURLConnection.h */ = {isa = PBXFileReference; fileEncoding = 4; lastKnownFileType = sourcecode.c.h; name = CustomURLConnection.h; path = Classes/CustomURLConnection.h; sourceTree = "<group>"; };
		AD8BC9FC11F3BB9400F04751 /* CustomURLConnection.m */ = {isa = PBXFileReference; fileEncoding = 4; lastKnownFileType = sourcecode.c.objc; name = CustomURLConnection.m; path = Classes/CustomURLConnection.m; sourceTree = "<group>"; };
		ADA9560011F914430073D09A /* greendot.jpg */ = {isa = PBXFileReference; lastKnownFileType = image.jpeg; path = greendot.jpg; sourceTree = "<group>"; };
		ADA9564A11FA09930073D09A /* ThumbnailDownload.h */ = {isa = PBXFileReference; fileEncoding = 4; lastKnownFileType = sourcecode.c.h; name = ThumbnailDownload.h; path = Classes/ThumbnailDownload.h; sourceTree = "<group>"; };
		ADA9564B11FA09930073D09A /* ThumbnailDownload.m */ = {isa = PBXFileReference; fileEncoding = 4; lastKnownFileType = sourcecode.c.objc; name = ThumbnailDownload.m; path = Classes/ThumbnailDownload.m; sourceTree = "<group>"; };
		ADB02B221204AE76006FD53D /* ChatViewController.h */ = {isa = PBXFileReference; fileEncoding = 4; lastKnownFileType = sourcecode.c.h; path = ChatViewController.h; sourceTree = "<group>"; };
		ADB02B231204AE76006FD53D /* ChatViewController.m */ = {isa = PBXFileReference; fileEncoding = 4; lastKnownFileType = sourcecode.c.objc; path = ChatViewController.m; sourceTree = "<group>"; };
		ADB02B251204AEDF006FD53D /* Constants.h */ = {isa = PBXFileReference; fileEncoding = 4; lastKnownFileType = sourcecode.c.h; name = Constants.h; path = Classes/Constants.h; sourceTree = "<group>"; };
		ADB02B2B1204AFDB006FD53D /* BlankAvatar.png */ = {isa = PBXFileReference; lastKnownFileType = image.png; path = BlankAvatar.png; sourceTree = "<group>"; };
		ADB02B2C1204AFDB006FD53D /* ChatBar.png */ = {isa = PBXFileReference; lastKnownFileType = image.png; path = ChatBar.png; sourceTree = "<group>"; };
		ADB02B2D1204AFDB006FD53D /* SendButton.png */ = {isa = PBXFileReference; lastKnownFileType = image.png; path = SendButton.png; sourceTree = "<group>"; };
		ADB02B2E1204AFDB006FD53D /* ChatBubbleGreen.png */ = {isa = PBXFileReference; lastKnownFileType = image.png; path = ChatBubbleGreen.png; sourceTree = "<group>"; };
		ADB02B2F1204AFDB006FD53D /* ChatBubbleGray.png */ = {isa = PBXFileReference; lastKnownFileType = image.png; path = ChatBubbleGray.png; sourceTree = "<group>"; };
		ADB02B841204CA15006FD53D /* ProfileViewController.h */ = {isa = PBXFileReference; fileEncoding = 4; lastKnownFileType = sourcecode.c.h; path = ProfileViewController.h; sourceTree = "<group>"; };
		ADB02B851204CA15006FD53D /* ProfileViewController.m */ = {isa = PBXFileReference; fileEncoding = 4; lastKnownFileType = sourcecode.c.objc; path = ProfileViewController.m; sourceTree = "<group>"; };
		ADB02CB3120E1FEC006FD53D /* blankprofile.jpg */ = {isa = PBXFileReference; lastKnownFileType = image.jpeg; path = blankprofile.jpg; sourceTree = "<group>"; };
		C9119F2A12518371008A26BB /* UsersViewController.h */ = {isa = PBXFileReference; fileEncoding = 4; lastKnownFileType = sourcecode.c.h; path = UsersViewController.h; sourceTree = "<group>"; };
		C9119F2B12518371008A26BB /* UsersViewController.m */ = {isa = PBXFileReference; fileEncoding = 4; lastKnownFileType = sourcecode.c.objc; path = UsersViewController.m; sourceTree = "<group>"; };
		C91FE7431225F6D7003C266E /* AsyncSocket.h */ = {isa = PBXFileReference; fileEncoding = 4; lastKnownFileType = sourcecode.c.h; path = AsyncSocket.h; sourceTree = "<group>"; };
		C91FE7441225F6D7003C266E /* AsyncSocket.m */ = {isa = PBXFileReference; fileEncoding = 4; lastKnownFileType = sourcecode.c.objc; path = AsyncSocket.m; sourceTree = "<group>"; };
		C91FE7661225FEAC003C266E /* ZTLog.h */ = {isa = PBXFileReference; fileEncoding = 4; lastKnownFileType = sourcecode.c.h; path = ZTLog.h; sourceTree = "<group>"; };
		C91FE7671225FEAC003C266E /* ZTWebSocket.h */ = {isa = PBXFileReference; fileEncoding = 4; lastKnownFileType = sourcecode.c.h; path = ZTWebSocket.h; sourceTree = "<group>"; };
		C91FE7681225FEAC003C266E /* ZTWebSocket.m */ = {isa = PBXFileReference; fileEncoding = 4; lastKnownFileType = sourcecode.c.objc; path = ZTWebSocket.m; sourceTree = "<group>"; };
		C91FE81512274DB3003C266E /* CoreData.framework */ = {isa = PBXFileReference; lastKnownFileType = wrapper.framework; name = CoreData.framework; path = System/Library/Frameworks/CoreData.framework; sourceTree = SDKROOT; };
		C91FE8A912289596003C266E /* Lovers.xcdatamodel */ = {isa = PBXFileReference; fileEncoding = 4; lastKnownFileType = wrapper.xcdatamodel; path = Lovers.xcdatamodel; sourceTree = "<group>"; };
		C93B6923127C9EB200CC4E85 /* Lovers.sql */ = {isa = PBXFileReference; fileEncoding = 4; lastKnownFileType = text; path = Lovers.sql; sourceTree = "<group>"; };
		C93B6925127C9F4F00CC4E85 /* Lovers.sqlite */ = {isa = PBXFileReference; lastKnownFileType = file; path = Lovers.sqlite; sourceTree = "<group>"; };
		C93B6A3C127DEE9900CC4E85 /* Profile.h */ = {isa = PBXFileReference; fileEncoding = 4; lastKnownFileType = sourcecode.c.h; name = Profile.h; path = ../Profile.h; sourceTree = "<group>"; };
		C93B6A3D127DEE9900CC4E85 /* Profile.m */ = {isa = PBXFileReference; fileEncoding = 4; lastKnownFileType = sourcecode.c.objc; name = Profile.m; path = ../Profile.m; sourceTree = "<group>"; };
		C93B6A3E127DEE9900CC4E85 /* Location.h */ = {isa = PBXFileReference; fileEncoding = 4; lastKnownFileType = sourcecode.c.h; name = Location.h; path = ../Location.h; sourceTree = "<group>"; };
		C93B6A3F127DEE9900CC4E85 /* Location.m */ = {isa = PBXFileReference; fileEncoding = 4; lastKnownFileType = sourcecode.c.objc; name = Location.m; path = ../Location.m; sourceTree = "<group>"; };
		C93B6A40127DEE9900CC4E85 /* Message.h */ = {isa = PBXFileReference; fileEncoding = 4; lastKnownFileType = sourcecode.c.h; name = Message.h; path = ../Message.h; sourceTree = "<group>"; };
		C93B6A41127DEE9900CC4E85 /* Message.m */ = {isa = PBXFileReference; fileEncoding = 4; lastKnownFileType = sourcecode.c.objc; name = Message.m; path = ../Message.m; sourceTree = "<group>"; };
		C93B6A42127DEE9900CC4E85 /* User.h */ = {isa = PBXFileReference; fileEncoding = 4; lastKnownFileType = sourcecode.c.h; name = User.h; path = ../User.h; sourceTree = "<group>"; };
		C93B6A43127DEE9900CC4E85 /* User.m */ = {isa = PBXFileReference; fileEncoding = 4; lastKnownFileType = sourcecode.c.objc; name = User.m; path = ../User.m; sourceTree = "<group>"; };
		C93B6A44127DEE9900CC4E85 /* Account.h */ = {isa = PBXFileReference; fileEncoding = 4; lastKnownFileType = sourcecode.c.h; name = Account.h; path = ../Account.h; sourceTree = "<group>"; };
		C93B6A45127DEE9900CC4E85 /* Account.m */ = {isa = PBXFileReference; fileEncoding = 4; lastKnownFileType = sourcecode.c.objc; name = Account.m; path = ../Account.m; sourceTree = "<group>"; };
		C96BD0B3122E0485002CCDE0 /* AudioToolbox.framework */ = {isa = PBXFileReference; lastKnownFileType = wrapper.framework; name = AudioToolbox.framework; path = System/Library/Frameworks/AudioToolbox.framework; sourceTree = SDKROOT; };
		C96BD0D3122E0A18002CCDE0 /* basicsound.wav */ = {isa = PBXFileReference; lastKnownFileType = audio.wav; path = basicsound.wav; sourceTree = "<group>"; };
		C98EEDDB1288DBF000B79B79 /* Thumb.h */ = {isa = PBXFileReference; fileEncoding = 4; lastKnownFileType = sourcecode.c.h; path = Thumb.h; sourceTree = "<group>"; };
		C98EEDDC1288DBF000B79B79 /* Thumb.m */ = {isa = PBXFileReference; fileEncoding = 4; lastKnownFileType = sourcecode.c.objc; path = Thumb.m; sourceTree = "<group>"; };
		C9D75D91124AE8790001A448 /* HTTPOperation.h */ = {isa = PBXFileReference; fileEncoding = 4; lastKnownFileType = sourcecode.c.h; path = HTTPOperation.h; sourceTree = "<group>"; };
		C9D75D92124AE8790001A448 /* HTTPOperation.m */ = {isa = PBXFileReference; fileEncoding = 4; lastKnownFileType = sourcecode.c.objc; path = HTTPOperation.m; sourceTree = "<group>"; };
		C9D75DD2124B843D0001A448 /* Constants.m */ = {isa = PBXFileReference; fileEncoding = 4; lastKnownFileType = sourcecode.c.objc; name = Constants.m; path = Classes/Constants.m; sourceTree = "<group>"; };
		C9D76009124CD99D0001A448 /* FBDialog.bundle */ = {isa = PBXFileReference; lastKnownFileType = "wrapper.plug-in"; name = FBDialog.bundle; path = "../facebook-ios-sdk/src/FBDialog.bundle"; sourceTree = SOURCE_ROOT; };
		C9D7600B124CD99D0001A448 /* JSON.h */ = {isa = PBXFileReference; fileEncoding = 4; lastKnownFileType = sourcecode.c.h; name = JSON.h; path = "../facebook-ios-sdk/src/JSON/JSON.h"; sourceTree = SOURCE_ROOT; };
		C9D7600C124CD99D0001A448 /* NSObject+SBJSON.h */ = {isa = PBXFileReference; fileEncoding = 4; lastKnownFileType = sourcecode.c.h; name = "NSObject+SBJSON.h"; path = "../facebook-ios-sdk/src/JSON/NSObject+SBJSON.h"; sourceTree = SOURCE_ROOT; };
		C9D7600D124CD99D0001A448 /* NSObject+SBJSON.m */ = {isa = PBXFileReference; fileEncoding = 4; lastKnownFileType = sourcecode.c.objc; name = "NSObject+SBJSON.m"; path = "../facebook-ios-sdk/src/JSON/NSObject+SBJSON.m"; sourceTree = SOURCE_ROOT; };
		C9D7600E124CD99D0001A448 /* NSString+SBJSON.h */ = {isa = PBXFileReference; fileEncoding = 4; lastKnownFileType = sourcecode.c.h; name = "NSString+SBJSON.h"; path = "../facebook-ios-sdk/src/JSON/NSString+SBJSON.h"; sourceTree = SOURCE_ROOT; };
		C9D7600F124CD99D0001A448 /* NSString+SBJSON.m */ = {isa = PBXFileReference; fileEncoding = 4; lastKnownFileType = sourcecode.c.objc; name = "NSString+SBJSON.m"; path = "../facebook-ios-sdk/src/JSON/NSString+SBJSON.m"; sourceTree = SOURCE_ROOT; };
		C9D76010124CD99D0001A448 /* SBJSON.h */ = {isa = PBXFileReference; fileEncoding = 4; lastKnownFileType = sourcecode.c.h; name = SBJSON.h; path = "../facebook-ios-sdk/src/JSON/SBJSON.h"; sourceTree = SOURCE_ROOT; };
		C9D76011124CD99D0001A448 /* SBJSON.m */ = {isa = PBXFileReference; fileEncoding = 4; lastKnownFileType = sourcecode.c.objc; name = SBJSON.m; path = "../facebook-ios-sdk/src/JSON/SBJSON.m"; sourceTree = SOURCE_ROOT; };
		C9D76012124CD99D0001A448 /* SBJsonBase.h */ = {isa = PBXFileReference; fileEncoding = 4; lastKnownFileType = sourcecode.c.h; name = SBJsonBase.h; path = "../facebook-ios-sdk/src/JSON/SBJsonBase.h"; sourceTree = SOURCE_ROOT; };
		C9D76013124CD99D0001A448 /* SBJsonBase.m */ = {isa = PBXFileReference; fileEncoding = 4; lastKnownFileType = sourcecode.c.objc; name = SBJsonBase.m; path = "../facebook-ios-sdk/src/JSON/SBJsonBase.m"; sourceTree = SOURCE_ROOT; };
		C9D76014124CD99D0001A448 /* SBJsonParser.h */ = {isa = PBXFileReference; fileEncoding = 4; lastKnownFileType = sourcecode.c.h; name = SBJsonParser.h; path = "../facebook-ios-sdk/src/JSON/SBJsonParser.h"; sourceTree = SOURCE_ROOT; };
		C9D76015124CD99D0001A448 /* SBJsonParser.m */ = {isa = PBXFileReference; fileEncoding = 4; lastKnownFileType = sourcecode.c.objc; name = SBJsonParser.m; path = "../facebook-ios-sdk/src/JSON/SBJsonParser.m"; sourceTree = SOURCE_ROOT; };
		C9D76016124CD99D0001A448 /* SBJsonWriter.h */ = {isa = PBXFileReference; fileEncoding = 4; lastKnownFileType = sourcecode.c.h; name = SBJsonWriter.h; path = "../facebook-ios-sdk/src/JSON/SBJsonWriter.h"; sourceTree = SOURCE_ROOT; };
		C9D76017124CD99D0001A448 /* SBJsonWriter.m */ = {isa = PBXFileReference; fileEncoding = 4; lastKnownFileType = sourcecode.c.objc; name = SBJsonWriter.m; path = "../facebook-ios-sdk/src/JSON/SBJsonWriter.m"; sourceTree = SOURCE_ROOT; };
		C9D76018124CD99D0001A448 /* FBConnect.h */ = {isa = PBXFileReference; fileEncoding = 4; lastKnownFileType = sourcecode.c.h; name = FBConnect.h; path = "../facebook-ios-sdk/src/FBConnect.h"; sourceTree = SOURCE_ROOT; };
		C9D76019124CD99D0001A448 /* FBRequest.h */ = {isa = PBXFileReference; fileEncoding = 4; lastKnownFileType = sourcecode.c.h; name = FBRequest.h; path = "../facebook-ios-sdk/src/FBRequest.h"; sourceTree = SOURCE_ROOT; };
		C9D7601A124CD99D0001A448 /* FBRequest.m */ = {isa = PBXFileReference; fileEncoding = 4; lastKnownFileType = sourcecode.c.objc; name = FBRequest.m; path = "../facebook-ios-sdk/src/FBRequest.m"; sourceTree = SOURCE_ROOT; };
		C9D7601B124CD99D0001A448 /* Facebook.m */ = {isa = PBXFileReference; fileEncoding = 4; lastKnownFileType = sourcecode.c.objc; name = Facebook.m; path = "../facebook-ios-sdk/src/Facebook.m"; sourceTree = SOURCE_ROOT; };
		C9D7601C124CD99D0001A448 /* Facebook.h */ = {isa = PBXFileReference; fileEncoding = 4; lastKnownFileType = sourcecode.c.h; name = Facebook.h; path = "../facebook-ios-sdk/src/Facebook.h"; sourceTree = SOURCE_ROOT; };
		C9D7601D124CD99D0001A448 /* FBLoginDialog.h */ = {isa = PBXFileReference; fileEncoding = 4; lastKnownFileType = sourcecode.c.h; name = FBLoginDialog.h; path = "../facebook-ios-sdk/src/FBLoginDialog.h"; sourceTree = SOURCE_ROOT; };
		C9D7601E124CD99D0001A448 /* FBLoginDialog.m */ = {isa = PBXFileReference; fileEncoding = 4; lastKnownFileType = sourcecode.c.objc; name = FBLoginDialog.m; path = "../facebook-ios-sdk/src/FBLoginDialog.m"; sourceTree = SOURCE_ROOT; };
		C9D7601F124CD99D0001A448 /* FBDialog.h */ = {isa = PBXFileReference; fileEncoding = 4; lastKnownFileType = sourcecode.c.h; name = FBDialog.h; path = "../facebook-ios-sdk/src/FBDialog.h"; sourceTree = SOURCE_ROOT; };
		C9D76020124CD99D0001A448 /* FBDialog.m */ = {isa = PBXFileReference; fileEncoding = 4; lastKnownFileType = sourcecode.c.objc; name = FBDialog.m; path = "../facebook-ios-sdk/src/FBDialog.m"; sourceTree = SOURCE_ROOT; };
		C9D76532124F02BB0001A448 /* ThumbView.h */ = {isa = PBXFileReference; fileEncoding = 4; lastKnownFileType = sourcecode.c.h; path = ThumbView.h; sourceTree = "<group>"; };
		C9D76533124F02BB0001A448 /* ThumbView.m */ = {isa = PBXFileReference; fileEncoding = 4; lastKnownFileType = sourcecode.c.objc; path = ThumbView.m; sourceTree = "<group>"; };
		C9F1923D121B60E700CAB471 /* CFNetwork.framework */ = {isa = PBXFileReference; lastKnownFileType = wrapper.framework; name = CFNetwork.framework; path = System/Library/Frameworks/CFNetwork.framework; sourceTree = SDKROOT; };
		C9F19474121CCD8300CAB471 /* CoreLocation.framework */ = {isa = PBXFileReference; lastKnownFileType = wrapper.framework; name = CoreLocation.framework; path = System/Library/Frameworks/CoreLocation.framework; sourceTree = SDKROOT; };
		F56D024211886CF000F2A797 /* UsersViewControllerOld.h */ = {isa = PBXFileReference; fileEncoding = 4; lastKnownFileType = sourcecode.c.h; path = UsersViewControllerOld.h; sourceTree = "<group>"; };
		F56D024311886CF000F2A797 /* UsersViewControllerOld.m */ = {isa = PBXFileReference; fileEncoding = 4; lastKnownFileType = sourcecode.c.objc; path = UsersViewControllerOld.m; sourceTree = "<group>"; };
		F56D02621188743D00F2A797 /* PhotoViewController.h */ = {isa = PBXFileReference; fileEncoding = 4; lastKnownFileType = sourcecode.c.h; path = PhotoViewController.h; sourceTree = "<group>"; };
		F56D02631188743D00F2A797 /* PhotoViewController.m */ = {isa = PBXFileReference; fileEncoding = 4; lastKnownFileType = sourcecode.c.objc; path = PhotoViewController.m; sourceTree = "<group>"; };
		F56D02981188790900F2A797 /* lovers-text.png */ = {isa = PBXFileReference; lastKnownFileType = image.png; path = "lovers-text.png"; sourceTree = "<group>"; };
		F56D02C51188869B00F2A797 /* refresh.png */ = {isa = PBXFileReference; lastKnownFileType = image.png; path = refresh.png; sourceTree = "<group>"; };
/* End PBXFileReference section */

/* Begin PBXFrameworksBuildPhase section */
		1D60588F0D05DD3D006BFB54 /* Frameworks */ = {
			isa = PBXFrameworksBuildPhase;
			buildActionMask = 2147483647;
			files = (
				1D60589F0D05DD5A006BFB54 /* Foundation.framework in Frameworks */,
				1DF5F4E00D08C38300B7A737 /* UIKit.framework in Frameworks */,
				288765FD0DF74451002DB57D /* CoreGraphics.framework in Frameworks */,
				C9F1923E121B60E700CAB471 /* CFNetwork.framework in Frameworks */,
				C9F19475121CCD8300CAB471 /* CoreLocation.framework in Frameworks */,
				C91FE81612274DB3003C266E /* CoreData.framework in Frameworks */,
				C96BD0B4122E0485002CCDE0 /* AudioToolbox.framework in Frameworks */,
			);
			runOnlyForDeploymentPostprocessing = 0;
		};
/* End PBXFrameworksBuildPhase section */

/* Begin PBXGroup section */
		19C28FACFE9D520D11CA2CBB /* Products */ = {
			isa = PBXGroup;
			children = (
				1D6058910D05DD3D006BFB54 /* Lovers.app */,
			);
			name = Products;
			sourceTree = "<group>";
		};
		29B97314FDCFA39411CA2CEA /* CustomTemplate */ = {
			isa = PBXGroup;
			children = (
				C9A183E8126A0C62007A512B /* Application Delegate */,
				C9119F5212522657008A26BB /* Models */,
				C9A183E3126A0B7D007A512B /* Controllers */,
				ADB02B251204AEDF006FD53D /* Constants.h */,
				C9D75DD2124B843D0001A448 /* Constants.m */,
				137342BC118F1D66006CCB0E /* InternetImage.h */,
				137342BD118F1D66006CCB0E /* InternetImage.m */,
				AD8BC9FB11F3BB9400F04751 /* CustomURLConnection.h */,
				AD8BC9FC11F3BB9400F04751 /* CustomURLConnection.m */,
				ADA9564A11FA09930073D09A /* ThumbnailDownload.h */,
				ADA9564B11FA09930073D09A /* ThumbnailDownload.m */,
				29B97315FDCFA39411CA2CEA /* Other Sources */,
				29B97317FDCFA39411CA2CEA /* Resources */,
				29B97323FDCFA39411CA2CEA /* Frameworks */,
				19C28FACFE9D520D11CA2CBB /* Products */,
				C91FE81512274DB3003C266E /* CoreData.framework */,
				C96BD0B3122E0485002CCDE0 /* AudioToolbox.framework */,
			);
			name = CustomTemplate;
			sourceTree = "<group>";
		};
		29B97315FDCFA39411CA2CEA /* Other Sources */ = {
			isa = PBXGroup;
			children = (
				C93B6ABE127E4F6E00CC4E85 /* Vendor */,
				C93B6923127C9EB200CC4E85 /* Lovers.sql */,
				32CA4F630368D1EE00C91783 /* Lovers_Prefix.pch */,
				29B97316FDCFA39411CA2CEA /* main.m */,
			);
			name = "Other Sources";
			sourceTree = "<group>";
		};
		29B97317FDCFA39411CA2CEA /* Resources */ = {
			isa = PBXGroup;
			children = (
				C93B6925127C9F4F00CC4E85 /* Lovers.sqlite */,
				C96BD0D3122E0A18002CCDE0 /* basicsound.wav */,
				F56D02911188781800F2A797 /* images */,
				8D1107310486CEB800E47090 /* Lovers-Info.plist */,
			);
			name = Resources;
			sourceTree = "<group>";
		};
		29B97323FDCFA39411CA2CEA /* Frameworks */ = {
			isa = PBXGroup;
			children = (
				1DF5F4DF0D08C38300B7A737 /* UIKit.framework */,
				1D30AB110D05D00D00671497 /* Foundation.framework */,
				288765FC0DF74451002DB57D /* CoreGraphics.framework */,
				C9F1923D121B60E700CAB471 /* CFNetwork.framework */,
				C9F19474121CCD8300CAB471 /* CoreLocation.framework */,
			);
			name = Frameworks;
			sourceTree = "<group>";
		};
		C9119F5212522657008A26BB /* Models */ = {
			isa = PBXGroup;
			children = (
				C91FE8A912289596003C266E /* Lovers.xcdatamodel */,
				C93B6A3C127DEE9900CC4E85 /* Profile.h */,
				C93B6A3D127DEE9900CC4E85 /* Profile.m */,
				C93B6A3E127DEE9900CC4E85 /* Location.h */,
				C93B6A3F127DEE9900CC4E85 /* Location.m */,
				C93B6A40127DEE9900CC4E85 /* Message.h */,
				C93B6A41127DEE9900CC4E85 /* Message.m */,
				C93B6A42127DEE9900CC4E85 /* User.h */,
				C93B6A43127DEE9900CC4E85 /* User.m */,
				C93B6A44127DEE9900CC4E85 /* Account.h */,
				C93B6A45127DEE9900CC4E85 /* Account.m */,
				C98EEDDB1288DBF000B79B79 /* Thumb.h */,
				C98EEDDC1288DBF000B79B79 /* Thumb.m */,
			);
			name = Models;
			path = Classes;
			sourceTree = "<group>";
		};
		C93B6ABE127E4F6E00CC4E85 /* Vendor */ = {
			isa = PBXGroup;
			children = (
				C9D76008124CD99D0001A448 /* FBConnect */,
				C9F193FB121CB1BA00CAB471 /* AsyncSocket */,
				C9F193F5121CB15F00CAB471 /* Zimt */,
			);
			name = Vendor;
			sourceTree = "<group>";
		};
		C9A183E3126A0B7D007A512B /* Controllers */ = {
			isa = PBXGroup;
			children = (
				C9A183E6126A0BE6007A512B /* ProfileViewController */,
				C9A183E5126A0BD4007A512B /* UsersViewController */,
				C9A183E7126A0C16007A512B /* PhotoViewController */,
				C9A183E4126A0BAF007A512B /* ChatViewController */,
			);
			name = Controllers;
			path = Classes;
			sourceTree = "<group>";
		};
		C9A183E4126A0BAF007A512B /* ChatViewController */ = {
			isa = PBXGroup;
			children = (
				ADB02B221204AE76006FD53D /* ChatViewController.h */,
				ADB02B231204AE76006FD53D /* ChatViewController.m */,
			);
			name = ChatViewController;
			sourceTree = "<group>";
		};
		C9A183E5126A0BD4007A512B /* UsersViewController */ = {
			isa = PBXGroup;
			children = (
				F56D024211886CF000F2A797 /* UsersViewControllerOld.h */,
				F56D024311886CF000F2A797 /* UsersViewControllerOld.m */,
				C9119F2A12518371008A26BB /* UsersViewController.h */,
				C9119F2B12518371008A26BB /* UsersViewController.m */,
				C9D76532124F02BB0001A448 /* ThumbView.h */,
				C9D76533124F02BB0001A448 /* ThumbView.m */,
			);
			name = UsersViewController;
			sourceTree = "<group>";
		};
		C9A183E6126A0BE6007A512B /* ProfileViewController */ = {
			isa = PBXGroup;
			children = (
				ADB02B841204CA15006FD53D /* ProfileViewController.h */,
				ADB02B851204CA15006FD53D /* ProfileViewController.m */,
				C9D75D91124AE8790001A448 /* HTTPOperation.h */,
				C9D75D92124AE8790001A448 /* HTTPOperation.m */,
			);
			name = ProfileViewController;
			sourceTree = "<group>";
		};
		C9A183E7126A0C16007A512B /* PhotoViewController */ = {
			isa = PBXGroup;
			children = (
				F56D02621188743D00F2A797 /* PhotoViewController.h */,
				F56D02631188743D00F2A797 /* PhotoViewController.m */,
			);
			name = PhotoViewController;
			sourceTree = "<group>";
		};
		C9A183E8126A0C62007A512B /* Application Delegate */ = {
			isa = PBXGroup;
			children = (
				1D3623240D0F684500981E51 /* LoversAppDelegate.h */,
				1D3623250D0F684500981E51 /* LoversAppDelegate.m */,
			);
			name = "Application Delegate";
			path = Classes;
			sourceTree = "<group>";
		};
		C9D76008124CD99D0001A448 /* FBConnect */ = {
			isa = PBXGroup;
			children = (
				C9D76009124CD99D0001A448 /* FBDialog.bundle */,
				C9D7600A124CD99D0001A448 /* JSON */,
				C9D76018124CD99D0001A448 /* FBConnect.h */,
				C9D76019124CD99D0001A448 /* FBRequest.h */,
				C9D7601A124CD99D0001A448 /* FBRequest.m */,
				C9D7601B124CD99D0001A448 /* Facebook.m */,
				C9D7601C124CD99D0001A448 /* Facebook.h */,
				C9D7601D124CD99D0001A448 /* FBLoginDialog.h */,
				C9D7601E124CD99D0001A448 /* FBLoginDialog.m */,
				C9D7601F124CD99D0001A448 /* FBDialog.h */,
				C9D76020124CD99D0001A448 /* FBDialog.m */,
			);
			name = FBConnect;
			sourceTree = "<group>";
		};
		C9D7600A124CD99D0001A448 /* JSON */ = {
			isa = PBXGroup;
			children = (
				C9D7600B124CD99D0001A448 /* JSON.h */,
				C9D7600C124CD99D0001A448 /* NSObject+SBJSON.h */,
				C9D7600D124CD99D0001A448 /* NSObject+SBJSON.m */,
				C9D7600E124CD99D0001A448 /* NSString+SBJSON.h */,
				C9D7600F124CD99D0001A448 /* NSString+SBJSON.m */,
				C9D76010124CD99D0001A448 /* SBJSON.h */,
				C9D76011124CD99D0001A448 /* SBJSON.m */,
				C9D76012124CD99D0001A448 /* SBJsonBase.h */,
				C9D76013124CD99D0001A448 /* SBJsonBase.m */,
				C9D76014124CD99D0001A448 /* SBJsonParser.h */,
				C9D76015124CD99D0001A448 /* SBJsonParser.m */,
				C9D76016124CD99D0001A448 /* SBJsonWriter.h */,
				C9D76017124CD99D0001A448 /* SBJsonWriter.m */,
			);
			name = JSON;
			path = "../facebook-ios-sdk/src/JSON";
			sourceTree = SOURCE_ROOT;
		};
		C9F193F5121CB15F00CAB471 /* Zimt */ = {
			isa = PBXGroup;
			children = (
				C91FE7661225FEAC003C266E /* ZTLog.h */,
				C91FE7671225FEAC003C266E /* ZTWebSocket.h */,
				C91FE7681225FEAC003C266E /* ZTWebSocket.m */,
			);
			name = Zimt;
			sourceTree = "<group>";
		};
		C9F193FB121CB1BA00CAB471 /* AsyncSocket */ = {
			isa = PBXGroup;
			children = (
				C91FE7431225F6D7003C266E /* AsyncSocket.h */,
				C91FE7441225F6D7003C266E /* AsyncSocket.m */,
			);
			path = AsyncSocket;
			sourceTree = "<group>";
		};
		F56D02911188781800F2A797 /* images */ = {
			isa = PBXGroup;
			children = (
				1331AC1B11906025004ABBC6 /* logo_bg.png */,
				ADA9560011F914430073D09A /* greendot.jpg */,
				ADB02B2B1204AFDB006FD53D /* BlankAvatar.png */,
				ADB02B2C1204AFDB006FD53D /* ChatBar.png */,
				AD7162791217415700351B3D /* red-x.png */,
				AD7162BA1217477500351B3D /* BlockButton.png */,
				AD71627A1217415700351B3D /* gold-star-2.jpg */,
				ADB02B2D1204AFDB006FD53D /* SendButton.png */,
				ADB02B2E1204AFDB006FD53D /* ChatBubbleGreen.png */,
				ADB02B2F1204AFDB006FD53D /* ChatBubbleGray.png */,
				F56D02C51188869B00F2A797 /* refresh.png */,
				ADB02CB3120E1FEC006FD53D /* blankprofile.jpg */,
				F56D02981188790900F2A797 /* lovers-text.png */,
			);
			name = images;
			sourceTree = "<group>";
		};
/* End PBXGroup section */

/* Begin PBXNativeTarget section */
		1D6058900D05DD3D006BFB54 /* Lovers */ = {
			isa = PBXNativeTarget;
			buildConfigurationList = 1D6058960D05DD3E006BFB54 /* Build configuration list for PBXNativeTarget "Lovers" */;
			buildPhases = (
				1D60588D0D05DD3D006BFB54 /* Resources */,
				1D60588E0D05DD3D006BFB54 /* Sources */,
				1D60588F0D05DD3D006BFB54 /* Frameworks */,
			);
			buildRules = (
			);
			dependencies = (
			);
			name = Lovers;
			productName = Lovers;
			productReference = 1D6058910D05DD3D006BFB54 /* Lovers.app */;
			productType = "com.apple.product-type.application";
		};
/* End PBXNativeTarget section */

/* Begin PBXProject section */
		29B97313FDCFA39411CA2CEA /* Project object */ = {
			isa = PBXProject;
			buildConfigurationList = C01FCF4E08A954540054247B /* Build configuration list for PBXProject "Lovers" */;
			compatibilityVersion = "Xcode 3.1";
			developmentRegion = English;
			hasScannedForEncodings = 1;
			knownRegions = (
				English,
				Japanese,
				French,
				German,
			);
			mainGroup = 29B97314FDCFA39411CA2CEA /* CustomTemplate */;
			projectDirPath = "";
			projectRoot = "";
			targets = (
				1D6058900D05DD3D006BFB54 /* Lovers */,
			);
		};
/* End PBXProject section */

/* Begin PBXResourcesBuildPhase section */
		1D60588D0D05DD3D006BFB54 /* Resources */ = {
			isa = PBXResourcesBuildPhase;
			buildActionMask = 2147483647;
			files = (
				F56D02991188790900F2A797 /* lovers-text.png in Resources */,
				F56D02CC1188869B00F2A797 /* refresh.png in Resources */,
				1331AC1C11906025004ABBC6 /* logo_bg.png in Resources */,
				ADA9560111F914430073D09A /* greendot.jpg in Resources */,
				ADB02B301204AFDB006FD53D /* BlankAvatar.png in Resources */,
				ADB02B311204AFDB006FD53D /* ChatBar.png in Resources */,
				ADB02B321204AFDB006FD53D /* SendButton.png in Resources */,
				ADB02B331204AFDB006FD53D /* ChatBubbleGreen.png in Resources */,
				ADB02B341204AFDB006FD53D /* ChatBubbleGray.png in Resources */,
				ADB02CB4120E1FEC006FD53D /* blankprofile.jpg in Resources */,
				AD71627B1217415700351B3D /* red-x.png in Resources */,
				AD71627C1217415700351B3D /* gold-star-2.jpg in Resources */,
				AD7162BB1217477500351B3D /* BlockButton.png in Resources */,
				C96BD0D4122E0A18002CCDE0 /* basicsound.wav in Resources */,
				C9D76021124CD99D0001A448 /* FBDialog.bundle in Resources */,
				C93B6924127C9EB200CC4E85 /* Lovers.sql in Resources */,
				C93B6926127C9F4F00CC4E85 /* Lovers.sqlite in Resources */,
			);
			runOnlyForDeploymentPostprocessing = 0;
		};
/* End PBXResourcesBuildPhase section */

/* Begin PBXSourcesBuildPhase section */
		1D60588E0D05DD3D006BFB54 /* Sources */ = {
			isa = PBXSourcesBuildPhase;
			buildActionMask = 2147483647;
			files = (
				1D60589B0D05DD56006BFB54 /* main.m in Sources */,
				1D3623260D0F684500981E51 /* LoversAppDelegate.m in Sources */,
				F56D024411886CF000F2A797 /* UsersViewControllerOld.m in Sources */,
				F56D02641188743D00F2A797 /* PhotoViewController.m in Sources */,
				137342BE118F1D66006CCB0E /* InternetImage.m in Sources */,
				AD8BC9FD11F3BB9400F04751 /* CustomURLConnection.m in Sources */,
				ADA9564C11FA09930073D09A /* ThumbnailDownload.m in Sources */,
				ADB02B241204AE76006FD53D /* ChatViewController.m in Sources */,
				ADB02B861204CA15006FD53D /* ProfileViewController.m in Sources */,
				C91FE7451225F6D7003C266E /* AsyncSocket.m in Sources */,
				C91FE7691225FEAC003C266E /* ZTWebSocket.m in Sources */,
				C91FE8AA12289596003C266E /* Lovers.xcdatamodel in Sources */,
				C9D75D93124AE8790001A448 /* HTTPOperation.m in Sources */,
				C9D75DD3124B843D0001A448 /* Constants.m in Sources */,
				C9D76022124CD99D0001A448 /* NSObject+SBJSON.m in Sources */,
				C9D76023124CD99D0001A448 /* NSString+SBJSON.m in Sources */,
				C9D76024124CD99D0001A448 /* SBJSON.m in Sources */,
				C9D76025124CD99D0001A448 /* SBJsonBase.m in Sources */,
				C9D76026124CD99D0001A448 /* SBJsonParser.m in Sources */,
				C9D76027124CD99D0001A448 /* SBJsonWriter.m in Sources */,
				C9D76028124CD99D0001A448 /* FBRequest.m in Sources */,
				C9D76029124CD99D0001A448 /* Facebook.m in Sources */,
				C9D7602A124CD99D0001A448 /* FBLoginDialog.m in Sources */,
				C9D7602B124CD99D0001A448 /* FBDialog.m in Sources */,
				C9D76534124F02BB0001A448 /* ThumbView.m in Sources */,
				C9119F2C12518371008A26BB /* UsersViewController.m in Sources */,
				C93B6A48127DEE9900CC4E85 /* Profile.m in Sources */,
				C93B6A49127DEE9900CC4E85 /* Location.m in Sources */,
				C93B6A4A127DEE9900CC4E85 /* Message.m in Sources */,
				C93B6A4B127DEE9900CC4E85 /* User.m in Sources */,
				C93B6A4C127DEE9900CC4E85 /* Account.m in Sources */,
				C98EEDDD1288DBF000B79B79 /* Thumb.m in Sources */,
			);
			runOnlyForDeploymentPostprocessing = 0;
		};
/* End PBXSourcesBuildPhase section */

/* Begin XCBuildConfiguration section */
		1D6058940D05DD3E006BFB54 /* Debug */ = {
			isa = XCBuildConfiguration;
			buildSettings = {
				ALWAYS_SEARCH_USER_PATHS = NO;
				COPY_PHASE_STRIP = NO;
				GCC_DYNAMIC_NO_PIC = NO;
				GCC_OPTIMIZATION_LEVEL = 0;
				GCC_PRECOMPILE_PREFIX_HEADER = YES;
				GCC_PREFIX_HEADER = Lovers_Prefix.pch;
				GCC_PREPROCESSOR_DEFINITIONS = "DEBUG=1";
				HEADER_SEARCH_PATHS = "";
				INFOPLIST_FILE = "Lovers-Info.plist";
				PRODUCT_NAME = Lovers;
			};
			name = Debug;
		};
		1D6058950D05DD3E006BFB54 /* Release */ = {
			isa = XCBuildConfiguration;
			buildSettings = {
				ALWAYS_SEARCH_USER_PATHS = NO;
				COPY_PHASE_STRIP = YES;
				GCC_PRECOMPILE_PREFIX_HEADER = YES;
				GCC_PREFIX_HEADER = Lovers_Prefix.pch;
				INFOPLIST_FILE = "Lovers-Info.plist";
				PRODUCT_NAME = Lovers;
				VALIDATE_PRODUCT = YES;
			};
			name = Release;
		};
		C01FCF4F08A954540054247B /* Debug */ = {
			isa = XCBuildConfiguration;
			buildSettings = {
				ARCHS = "$(ARCHS_STANDARD_32_BIT)";
				"CODE_SIGN_IDENTITY[sdk=iphoneos*]" = "iPhone Developer";
				GCC_C_LANGUAGE_STANDARD = c99;
				GCC_PREPROCESSOR_DEFINITIONS = "DEBUG=1";
				GCC_WARN_ABOUT_RETURN_TYPE = YES;
				GCC_WARN_UNUSED_VARIABLE = YES;
				HEADER_SEARCH_PATHS = "../facebook-ios-sdk/src/**";
				PREBINDING = NO;
				SDKROOT = iphonesimulator4.1;
			};
			name = Debug;
		};
		C01FCF5008A954540054247B /* Release */ = {
			isa = XCBuildConfiguration;
			buildSettings = {
				ARCHS = "$(ARCHS_STANDARD_32_BIT)";
				"CODE_SIGN_IDENTITY[sdk=iphoneos*]" = "iPhone Developer";
				GCC_C_LANGUAGE_STANDARD = c99;
				GCC_WARN_ABOUT_RETURN_TYPE = YES;
				GCC_WARN_UNUSED_VARIABLE = YES;
				OTHER_CFLAGS = "-DNS_BLOCK_ASSERTIONS=1";
				PREBINDING = NO;
				SDKROOT = iphonesimulator4.1;
			};
			name = Release;
		};
/* End XCBuildConfiguration section */

/* Begin XCConfigurationList section */
		1D6058960D05DD3E006BFB54 /* Build configuration list for PBXNativeTarget "Lovers" */ = {
			isa = XCConfigurationList;
			buildConfigurations = (
				1D6058940D05DD3E006BFB54 /* Debug */,
				1D6058950D05DD3E006BFB54 /* Release */,
			);
			defaultConfigurationIsVisible = 0;
			defaultConfigurationName = Release;
		};
		C01FCF4E08A954540054247B /* Build configuration list for PBXProject "Lovers" */ = {
			isa = XCConfigurationList;
			buildConfigurations = (
				C01FCF4F08A954540054247B /* Debug */,
				C01FCF5008A954540054247B /* Release */,
			);
			defaultConfigurationIsVisible = 0;
			defaultConfigurationName = Release;
		};
/* End XCConfigurationList section */
	};
	rootObject = 29B97313FDCFA39411CA2CEA /* Project object */;
}
